
Microsoft Visual Studio Solution File, Format Version 12.00
# Visual Studio Version 17
VisualStudioVersion = 17.10.35122.118
MinimumVisualStudioVersion = 10.0.40219.1
Project("{FAE04EC0-301F-11D3-BF4B-00C04F79EFBC}") = "FullIdentity", "FullIdentity\FullIdentity.csproj", "{D4AB3084-269D-4173-9B4E-E3F55D1B2A55}"
EndProject
Project("{FAE04EC0-301F-11D3-BF4B-00C04F79EFBC}") = "FullIdentity.Data", "FullIdentity.Data\FullIdentity.Data.csproj", "{F2F4962F-24BC-4AD3-8322-BD8CD2A1BF2B}"
EndProject
Global
	GlobalSection(SolutionConfigurationPlatforms) = preSolution
		Debug|Any CPU = Debug|Any CPU
		Release|Any CPU = Release|Any CPU
	EndGlobalSection
	GlobalSection(ProjectConfigurationPlatforms) = postSolution
		{D4AB3084-269D-4173-9B4E-E3F55D1B2A55}.Debug|Any CPU.ActiveCfg = Debug|Any CPU
		{D4AB3084-269D-4173-9B4E-E3F55D1B2A55}.Debug|Any CPU.Build.0 = Debug|Any CPU
		{D4AB3084-269D-4173-9B4E-E3F55D1B2A55}.Release|Any CPU.ActiveCfg = Release|Any CPU
		{D4AB3084-269D-4173-9B4E-E3F55D1B2A55}.Release|Any CPU.Build.0 = Release|Any CPU
		{F2F4962F-24BC-4AD3-8322-BD8CD2A1BF2B}.Debug|Any CPU.ActiveCfg = Debug|Any CPU
		{F2F4962F-24BC-4AD3-8322-BD8CD2A1BF2B}.Debug|Any CPU.Build.0 = Debug|Any CPU
		{F2F4962F-24BC-4AD3-8322-BD8CD2A1BF2B}.Release|Any CPU.ActiveCfg = Release|Any CPU
		{F2F4962F-24BC-4AD3-8322-BD8CD2A1BF2B}.Release|Any CPU.Build.0 = Release|Any CPU
	EndGlobalSection
	GlobalSection(SolutionProperties) = preSolution
		HideSolutionNode = FALSE
	EndGlobalSection
	GlobalSection(ExtensibilityGlobals) = postSolution
		SolutionGuid = {5DFE93A0-0241-467E-A718-73B571AFF43A}
	EndGlobalSection
EndGlobal
